
Microsoft Visual Studio Solution File, Format Version 12.00
# Visual Studio Version 17
VisualStudioVersion = 17.9.34728.123
MinimumVisualStudioVersion = 10.0.40219.1
Project("{F2A71F9B-5D33-465A-A702-920D77279786}") = "Utils", "Utils\Utils.fsproj", "{BF683BD7-456E-4076-881A-D4D433DE23EB}"
EndProject
Global
	GlobalSection(SolutionConfigurationPlatforms) = preSolution
		Debug|Any CPU = Debug|Any CPU
		Release|Any CPU = Release|Any CPU
	EndGlobalSection
	GlobalSection(ProjectConfigurationPlatforms) = postSolution
		{BF683BD7-456E-4076-881A-D4D433DE23EB}.Debug|Any CPU.ActiveCfg = Debug|Any CPU
		{BF683BD7-456E-4076-881A-D4D433DE23EB}.Debug|Any CPU.Build.0 = Debug|Any CPU
		{BF683BD7-456E-4076-881A-D4D433DE23EB}.Release|Any CPU.ActiveCfg = Release|Any CPU
		{BF683BD7-456E-4076-881A-D4D433DE23EB}.Release|Any CPU.Build.0 = Release|Any CPU
	EndGlobalSection
	GlobalSection(SolutionProperties) = preSolution
		HideSolutionNode = FALSE
	EndGlobalSection
	GlobalSection(ExtensibilityGlobals) = postSolution
		SolutionGuid = {04EC1ADF-403A-4AF4-B7D4-A8E5A15C1142}
	EndGlobalSection
EndGlobal
